
Microsoft Visual Studio Solution File, Format Version 12.00
# Visual Studio Version 17
VisualStudioVersion = 17.6.33723.286
MinimumVisualStudioVersion = 10.0.40219.1
Project("{778DAE3C-4631-46EA-AA77-85C1314464D9}") = "Internship Demo", "Internship Demo\Internship Demo.vbproj", "{1C466737-56F3-40E4-8C63-91BB46A8421F}"
EndProject
Project("{54435603-DBB4-11D2-8724-00A0C9A8B90C}") = "Internship setup", "Internship setup\Internship setup.vdproj", "{374B7B09-0E86-495F-976E-DE68873C229D}"
EndProject
Global
	GlobalSection(SolutionConfigurationPlatforms) = preSolution
		Debug|Any CPU = Debug|Any CPU
		Release|Any CPU = Release|Any CPU
	EndGlobalSection
	GlobalSection(ProjectConfigurationPlatforms) = postSolution
		{1C466737-56F3-40E4-8C63-91BB46A8421F}.Debug|Any CPU.ActiveCfg = Debug|Any CPU
		{1C466737-56F3-40E4-8C63-91BB46A8421F}.Debug|Any CPU.Build.0 = Debug|Any CPU
		{1C466737-56F3-40E4-8C63-91BB46A8421F}.Release|Any CPU.ActiveCfg = Release|Any CPU
		{1C466737-56F3-40E4-8C63-91BB46A8421F}.Release|Any CPU.Build.0 = Release|Any CPU
		{374B7B09-0E86-495F-976E-DE68873C229D}.Debug|Any CPU.ActiveCfg = Debug
		{374B7B09-0E86-495F-976E-DE68873C229D}.Release|Any CPU.ActiveCfg = Release
	EndGlobalSection
	GlobalSection(SolutionProperties) = preSolution
		HideSolutionNode = FALSE
	EndGlobalSection
	GlobalSection(ExtensibilityGlobals) = postSolution
		SolutionGuid = {D42EA087-B5DE-47F9-9E72-0E1D3034E303}
	EndGlobalSection
EndGlobal
